{
  "name": "EmailSearchFT",
  "lockfileVersion": 3,
  "requires": true,
  "packages": {
    "": {
      "dependencies": {
        "@progress/kendo-svg-icons": "^4.0.0"
      }
    },
    "node_modules/@progress/kendo-svg-icons": {
      "version": "4.0.0",
      "resolved": "https://registry.npmjs.org/@progress/kendo-svg-icons/-/kendo-svg-icons-4.0.0.tgz",
      "integrity": "sha512-u3JcSBm+0W4o2TTiLWe372F0we2K5GkXDDTNcqpVayi/0XxKguRuPN7Bnfv/NYPt32JM+pc6EwmWvOnUC0F8MA=="
    }
  }
}
